
Microsoft Visual Studio Solution File, Format Version 12.00
# Visual Studio 15
VisualStudioVersion = 15.0.28307.329
MinimumVisualStudioVersion = 10.0.40219.1
Project("{FAE04EC0-301F-11D3-BF4B-00C04F79EFBC}") = "TellerB1", "TellerB1\TellerB1.csproj", "{816F5B42-B351-4AEC-86C8-FA855598D44D}"
EndProject
Global
	GlobalSection(SolutionConfigurationPlatforms) = preSolution
		Debug|Any CPU = Debug|Any CPU
		Release|Any CPU = Release|Any CPU
	EndGlobalSection
	GlobalSection(ProjectConfigurationPlatforms) = postSolution
		{816F5B42-B351-4AEC-86C8-FA855598D44D}.Debug|Any CPU.ActiveCfg = Debug|Any CPU
		{816F5B42-B351-4AEC-86C8-FA855598D44D}.Debug|Any CPU.Build.0 = Debug|Any CPU
		{816F5B42-B351-4AEC-86C8-FA855598D44D}.Release|Any CPU.ActiveCfg = Release|Any CPU
		{816F5B42-B351-4AEC-86C8-FA855598D44D}.Release|Any CPU.Build.0 = Release|Any CPU
	EndGlobalSection
	GlobalSection(SolutionProperties) = preSolution
		HideSolutionNode = FALSE
	EndGlobalSection
	GlobalSection(ExtensibilityGlobals) = postSolution
		SolutionGuid = {7A0211A9-D8A8-4049-901E-6FB53C4558FF}
	EndGlobalSection
EndGlobal
